// !$*UTF8*$!
{
	archiveVersion = 1;
	classes = {
	};
	objectVersion = 50;
	objects = {

/* Begin PBXBuildFile section */
		3551FC12250FEBB000D6EAB2 /* AppDelegate.swift in Sources */ = {isa = PBXBuildFile; fileRef = 3551FC11250FEBB000D6EAB2 /* AppDelegate.swift */; };
		3551FC14250FEBB000D6EAB2 /* art.scnassets in Resources */ = {isa = PBXBuildFile; fileRef = 3551FC13250FEBB000D6EAB2 /* art.scnassets */; };
		3551FC16250FEBB000D6EAB2 /* ViewController.swift in Sources */ = {isa = PBXBuildFile; fileRef = 3551FC15250FEBB000D6EAB2 /* ViewController.swift */; };
		3551FC19250FEBB000D6EAB2 /* Main.storyboard in Resources */ = {isa = PBXBuildFile; fileRef = 3551FC17250FEBB000D6EAB2 /* Main.storyboard */; };
		3551FC1B250FEBB100D6EAB2 /* Assets.xcassets in Resources */ = {isa = PBXBuildFile; fileRef = 3551FC1A250FEBB100D6EAB2 /* Assets.xcassets */; };
		3551FC1E250FEBB100D6EAB2 /* LaunchScreen.storyboard in Resources */ = {isa = PBXBuildFile; fileRef = 3551FC1C250FEBB100D6EAB2 /* LaunchScreen.storyboard */; };
		3551FC26250FED5000D6EAB2 /* Earth.swift in Sources */ = {isa = PBXBuildFile; fileRef = 3551FC25250FED5000D6EAB2 /* Earth.swift */; };
/* End PBXBuildFile section */

/* Begin PBXFileReference section */
		3551FC0E250FEBB000D6EAB2 /* RevolvingEathARKit.app */ = {isa = PBXFileReference; explicitFileType = wrapper.application; includeInIndex = 0; path = RevolvingEathARKit.app; sourceTree = BUILT_PRODUCTS_DIR; };
		3551FC11250FEBB000D6EAB2 /* AppDelegate.swift */ = {isa = PBXFileReference; lastKnownFileType = sourcecode.swift; path = AppDelegate.swift; sourceTree = "<group>"; };
		3551FC13250FEBB000D6EAB2 /* art.scnassets */ = {isa = PBXFileReference; lastKnownFileType = wrapper.scnassets; path = art.scnassets; sourceTree = "<group>"; };
		3551FC15250FEBB000D6EAB2 /* ViewController.swift */ = {isa = PBXFileReference; lastKnownFileType = sourcecode.swift; path = ViewController.swift; sourceTree = "<group>"; };
		3551FC18250FEBB000D6EAB2 /* Base */ = {isa = PBXFileReference; lastKnownFileType = file.storyboard; name = Base; path = Base.lproj/Main.storyboard; sourceTree = "<group>"; };
		3551FC1A250FEBB100D6EAB2 /* Assets.xcassets */ = {isa = PBXFileReference; lastKnownFileType = folder.assetcatalog; path = Assets.xcassets; sourceTree = "<group>"; };
		3551FC1D250FEBB100D6EAB2 /* Base */ = {isa = PBXFileReference; lastKnownFileType = file.storyboard; name = Base; path = Base.lproj/LaunchScreen.storyboard; sourceTree = "<group>"; };
		3551FC1F250FEBB100D6EAB2 /* Info.plist */ = {isa = PBXFileReference; lastKnownFileType = text.plist.xml; path = Info.plist; sourceTree = "<group>"; };
		3551FC25250FED5000D6EAB2 /* Earth.swift */ = {isa = PBXFileReference; lastKnownFileType = sourcecode.swift; path = Earth.swift; sourceTree = "<group>"; };
/* End PBXFileReference section */

/* Begin PBXFrameworksBuildPhase section */
		3551FC0B250FEBB000D6EAB2 /* Frameworks */ = {
			isa = PBXFrameworksBuildPhase;
			buildActionMask = 2147483647;
			files = (
			);
			runOnlyForDeploymentPostprocessing = 0;
		};
/* End PBXFrameworksBuildPhase section */

/* Begin PBXGroup section */
		3551FC05250FEBB000D6EAB2 = {
			isa = PBXGroup;
			children = (
				3551FC10250FEBB000D6EAB2 /* RevolvingEathARKit */,
				3551FC0F250FEBB000D6EAB2 /* Products */,
			);
			sourceTree = "<group>";
		};
		3551FC0F250FEBB000D6EAB2 /* Products */ = {
			isa = PBXGroup;
			children = (
				3551FC0E250FEBB000D6EAB2 /* RevolvingEathARKit.app */,
			);
			name = Products;
			sourceTree = "<group>";
		};
		3551FC10250FEBB000D6EAB2 /* RevolvingEathARKit */ = {
			isa = PBXGroup;
			children = (
				3551FC11250FEBB000D6EAB2 /* AppDelegate.swift */,
				3551FC13250FEBB000D6EAB2 /* art.scnassets */,
				3551FC15250FEBB000D6EAB2 /* ViewController.swift */,
				3551FC17250FEBB000D6EAB2 /* Main.storyboard */,
				3551FC1A250FEBB100D6EAB2 /* Assets.xcassets */,
				3551FC1C250FEBB100D6EAB2 /* LaunchScreen.storyboard */,
				3551FC1F250FEBB100D6EAB2 /* Info.plist */,
				3551FC25250FED5000D6EAB2 /* Earth.swift */,
			);
			path = RevolvingEathARKit;
			sourceTree = "<group>";
		};
/* End PBXGroup section */

/* Begin PBXNativeTarget section */
		3551FC0D250FEBB000D6EAB2 /* RevolvingEathARKit */ = {
			isa = PBXNativeTarget;
			buildConfigurationList = 3551FC22250FEBB100D6EAB2 /* Build configuration list for PBXNativeTarget "RevolvingEathARKit" */;
			buildPhases = (
				3551FC0A250FEBB000D6EAB2 /* Sources */,
				3551FC0B250FEBB000D6EAB2 /* Frameworks */,
				3551FC0C250FEBB000D6EAB2 /* Resources */,
			);
			buildRules = (
			);
			dependencies = (
			);
			name = RevolvingEathARKit;
			productName = RevolvingEathARKit;
			productReference = 3551FC0E250FEBB000D6EAB2 /* RevolvingEathARKit.app */;
			productType = "com.apple.product-type.application";
		};
/* End PBXNativeTarget section */

/* Begin PBXProject section */
		3551FC06250FEBB000D6EAB2 /* Project object */ = {
			isa = PBXProject;
			attributes = {
				LastSwiftUpdateCheck = 1170;
				LastUpgradeCheck = 1170;
				ORGANIZATIONNAME = Hassan;
				TargetAttributes = {
					3551FC0D250FEBB000D6EAB2 = {
						CreatedOnToolsVersion = 11.7;
					};
				};
			};
			buildConfigurationList = 3551FC09250FEBB000D6EAB2 /* Build configuration list for PBXProject "RevolvingEathARKit" */;
			compatibilityVersion = "Xcode 9.3";
			developmentRegion = en;
			hasScannedForEncodings = 0;
			knownRegions = (
				en,
				Base,
			);
			mainGroup = 3551FC05250FEBB000D6EAB2;
			productRefGroup = 3551FC0F250FEBB000D6EAB2 /* Products */;
			projectDirPath = "";
			projectRoot = "";
			targets = (
				3551FC0D250FEBB000D6EAB2 /* RevolvingEathARKit */,
			);
		};
/* End PBXProject section */

/* Begin PBXResourcesBuildPhase section */
		3551FC0C250FEBB000D6EAB2 /* Resources */ = {
			isa = PBXResourcesBuildPhase;
			buildActionMask = 2147483647;
			files = (
				3551FC14250FEBB000D6EAB2 /* art.scnassets in Resources */,
				3551FC1E250FEBB100D6EAB2 /* LaunchScreen.storyboard in Resources */,
				3551FC1B250FEBB100D6EAB2 /* Assets.xcassets in Resources */,
				3551FC19250FEBB000D6EAB2 /* Main.storyboard in Resources */,
			);
			runOnlyForDeploymentPostprocessing = 0;
		};
/* End PBXResourcesBuildPhase section */

/* Begin PBXSourcesBuildPhase section */
		3551FC0A250FEBB000D6EAB2 /* Sources */ = {
			isa = PBXSourcesBuildPhase;
			buildActionMask = 2147483647;
			files = (
				3551FC16250FEBB000D6EAB2 /* ViewController.swift in Sources */,
				3551FC12250FEBB000D6EAB2 /* AppDelegate.swift in Sources */,
				3551FC26250FED5000D6EAB2 /* Earth.swift in Sources */,
			);
			runOnlyForDeploymentPostprocessing = 0;
		};
/* End PBXSourcesBuildPhase section */

/* Begin PBXVariantGroup section */
		3551FC17250FEBB000D6EAB2 /* Main.storyboard */ = {
			isa = PBXVariantGroup;
			children = (
				3551FC18250FEBB000D6EAB2 /* Base */,
			);
			name = Main.storyboard;
			sourceTree = "<group>";
		};
		3551FC1C250FEBB100D6EAB2 /* LaunchScreen.storyboard */ = {
			isa = PBXVariantGroup;
			children = (
				3551FC1D250FEBB100D6EAB2 /* Base */,
			);
			name = LaunchScreen.storyboard;
			sourceTree = "<group>";
		};
/* End PBXVariantGroup section */

/* Begin XCBuildConfiguration section */
		3551FC20250FEBB100D6EAB2 /* Debug */ = {
			isa = XCBuildConfiguration;
			buildSettings = {
				ALWAYS_SEARCH_USER_PATHS = NO;
				CLANG_ANALYZER_NONNULL = YES;
				CLANG_ANALYZER_NUMBER_OBJECT_CONVERSION = YES_AGGRESSIVE;
				CLANG_CXX_LANGUAGE_STANDARD = "gnu++14";
				CLANG_CXX_LIBRARY = "libc++";
				CLANG_ENABLE_MODULES = YES;
				CLANG_ENABLE_OBJC_ARC = YES;
				CLANG_ENABLE_OBJC_WEAK = YES;
				CLANG_WARN_BLOCK_CAPTURE_AUTORELEASING = YES;
				CLANG_WARN_BOOL_CONVERSION = YES;
				CLANG_WARN_COMMA = YES;
				CLANG_WARN_CONSTANT_CONVERSION = YES;
				CLANG_WARN_DEPRECATED_OBJC_IMPLEMENTATIONS = YES;
				CLANG_WARN_DIRECT_OBJC_ISA_USAGE = YES_ERROR;
				CLANG_WARN_DOCUMENTATION_COMMENTS = YES;
				CLANG_WARN_EMPTY_BODY = YES;
				CLANG_WARN_ENUM_CONVERSION = YES;
				CLANG_WARN_INFINITE_RECURSION = YES;
				CLANG_WARN_INT_CONVERSION = YES;
				CLANG_WARN_NON_LITERAL_NULL_CONVERSION = YES;
				CLANG_WARN_OBJC_IMPLICIT_RETAIN_SELF = YES;
				CLANG_WARN_OBJC_LITERAL_CONVERSION = YES;
				CLANG_WARN_OBJC_ROOT_CLASS = YES_ERROR;
				CLANG_WARN_RANGE_LOOP_ANALYSIS = YES;
				CLANG_WARN_STRICT_PROTOTYPES = YES;
				CLANG_WARN_SUSPICIOUS_MOVE = YES;
				CLANG_WARN_UNGUARDED_AVAILABILITY = YES_AGGRESSIVE;
				CLANG_WARN_UNREACHABLE_CODE = YES;
				CLANG_WARN__DUPLICATE_METHOD_MATCH = YES;
				COPY_PHASE_STRIP = NO;
				DEBUG_INFORMATION_FORMAT = dwarf;
				ENABLE_STRICT_OBJC_MSGSEND = YES;
				ENABLE_TESTABILITY = YES;
				GCC_C_LANGUAGE_STANDARD = gnu11;
				GCC_DYNAMIC_NO_PIC = NO;
				GCC_NO_COMMON_BLOCKS = YES;
				GCC_OPTIMIZATION_LEVEL = 0;
				GCC_PREPROCESSOR_DEFINITIONS = (
					"DEBUG=1",
					"$(inherited)",
				);
				GCC_WARN_64_TO_32_BIT_CONVERSION = YES;
				GCC_WARN_ABOUT_RETURN_TYPE = YES_ERROR;
				GCC_WARN_UNDECLARED_SELECTOR = YES;
				GCC_WARN_UNINITIALIZED_AUTOS = YES_AGGRESSIVE;
				GCC_WARN_UNUSED_FUNCTION = YES;
				GCC_WARN_UNUSED_VARIABLE = YES;
				IPHONEOS_DEPLOYMENT_TARGET = 13.7;
				MTL_ENABLE_DEBUG_INFO = INCLUDE_SOURCE;
				MTL_FAST_MATH = YES;
				ONLY_ACTIVE_ARCH = YES;
				SDKROOT = iphoneos;
				SWIFT_ACTIVE_COMPILATION_CONDITIONS = DEBUG;
				SWIFT_OPTIMIZATION_LEVEL = "-Onone";
			};
			name = Debug;
		};
		3551FC21250FEBB100D6EAB2 /* Release */ = {
			isa = XCBuildConfiguration;
			buildSettings = {
				ALWAYS_SEARCH_USER_PATHS = NO;
				CLANG_ANALYZER_NONNULL = YES;
				CLANG_ANALYZER_NUMBER_OBJECT_CONVERSION = YES_AGGRESSIVE;
				CLANG_CXX_LANGUAGE_STANDARD = "gnu++14";
				CLANG_CXX_LIBRARY = "libc++";
				CLANG_ENABLE_MODULES = YES;
				CLANG_ENABLE_OBJC_ARC = YES;
				CLANG_ENABLE_OBJC_WEAK = YES;
				CLANG_WARN_BLOCK_CAPTURE_AUTORELEASING = YES;
				CLANG_WARN_BOOL_CONVERSION = YES;
				CLANG_WARN_COMMA = YES;
				CLANG_WARN_CONSTANT_CONVERSION = YES;
				CLANG_WARN_DEPRECATED_OBJC_IMPLEMENTATIONS = YES;
				CLANG_WARN_DIRECT_OBJC_ISA_USAGE = YES_ERROR;
				CLANG_WARN_DOCUMENTATION_COMMENTS = YES;
				CLANG_WARN_EMPTY_BODY = YES;
				CLANG_WARN_ENUM_CONVERSION = YES;
				CLANG_WARN_INFINITE_RECURSION = YES;
				CLANG_WARN_INT_CONVERSION = YES;
				CLANG_WARN_NON_LITERAL_NULL_CONVERSION = YES;
				CLANG_WARN_OBJC_IMPLICIT_RETAIN_SELF = YES;
				CLANG_WARN_OBJC_LITERAL_CONVERSION = YES;
				CLANG_WARN_OBJC_ROOT_CLASS = YES_ERROR;
				CLANG_WARN_RANGE_LOOP_ANALYSIS = YES;
				CLANG_WARN_STRICT_PROTOTYPES = YES;
				CLANG_WARN_SUSPICIOUS_MOVE = YES;
				CLANG_WARN_UNGUARDED_AVAILABILITY = YES_AGGRESSIVE;
				CLANG_WARN_UNREACHABLE_CODE = YES;
				CLANG_WARN__DUPLICATE_METHOD_MATCH = YES;
				COPY_PHASE_STRIP = NO;
				DEBUG_INFORMATION_FORMAT = "dwarf-with-dsym";
				ENABLE_NS_ASSERTIONS = NO;
				ENABLE_STRICT_OBJC_MSGSEND = YES;
				GCC_C_LANGUAGE_STANDARD = gnu11;
				GCC_NO_COMMON_BLOCKS = YES;
				GCC_WARN_64_TO_32_BIT_CONVERSION = YES;
				GCC_WARN_ABOUT_RETURN_TYPE = YES_ERROR;
				GCC_WARN_UNDECLARED_SELECTOR = YES;
				GCC_WARN_UNINITIALIZED_AUTOS = YES_AGGRESSIVE;
				GCC_WARN_UNUSED_FUNCTION = YES;
				GCC_WARN_UNUSED_VARIABLE = YES;
				IPHONEOS_DEPLOYMENT_TARGET = 13.7;
				MTL_ENABLE_DEBUG_INFO = NO;
				MTL_FAST_MATH = YES;
				SDKROOT = iphoneos;
				SWIFT_COMPILATION_MODE = wholemodule;
				SWIFT_OPTIMIZATION_LEVEL = "-O";
				VALIDATE_PRODUCT = YES;
			};
			name = Release;
		};
		3551FC23250FEBB100D6EAB2 /* Debug */ = {
			isa = XCBuildConfiguration;
			buildSettings = {
				ASSETCATALOG_COMPILER_APPICON_NAME = AppIcon;
				CODE_SIGN_STYLE = Automatic;
				DEVELOPMENT_TEAM = CXH6TR46LB;
				INFOPLIST_FILE = RevolvingEathARKit/Info.plist;
				LD_RUNPATH_SEARCH_PATHS = (
					"$(inherited)",
					"@executable_path/Frameworks",
				);
				PRODUCT_BUNDLE_IDENTIFIER = com.hassan.RevolvingEathARKit;
				PRODUCT_NAME = "$(TARGET_NAME)";
				SWIFT_VERSION = 5.0;
				TARGETED_DEVICE_FAMILY = "1,2";
			};
			name = Debug;
		};
		3551FC24250FEBB100D6EAB2 /* Release */ = {
			isa = XCBuildConfiguration;
			buildSettings = {
				ASSETCATALOG_COMPILER_APPICON_NAME = AppIcon;
				CODE_SIGN_STYLE = Automatic;
				DEVELOPMENT_TEAM = CXH6TR46LB;
				INFOPLIST_FILE = RevolvingEathARKit/Info.plist;
				LD_RUNPATH_SEARCH_PATHS = (
					"$(inherited)",
					"@executable_path/Frameworks",
				);
				PRODUCT_BUNDLE_IDENTIFIER = com.hassan.RevolvingEathARKit;
				PRODUCT_NAME = "$(TARGET_NAME)";
				SWIFT_VERSION = 5.0;
				TARGETED_DEVICE_FAMILY = "1,2";
			};
			name = Release;
		};
/* End XCBuildConfiguration section */

/* Begin XCConfigurationList section */
		3551FC09250FEBB000D6EAB2 /* Build configuration list for PBXProject "RevolvingEathARKit" */ = {
			isa = XCConfigurationList;
			buildConfigurations = (
				3551FC20250FEBB100D6EAB2 /* Debug */,
				3551FC21250FEBB100D6EAB2 /* Release */,
			);
			defaultConfigurationIsVisible = 0;
			defaultConfigurationName = Release;
		};
		3551FC22250FEBB100D6EAB2 /* Build configuration list for PBXNativeTarget "RevolvingEathARKit" */ = {
			isa = XCConfigurationList;
			buildConfigurations = (
				3551FC23250FEBB100D6EAB2 /* Debug */,
				3551FC24250FEBB100D6EAB2 /* Release */,
			);
			defaultConfigurationIsVisible = 0;
			defaultConfigurationName = Release;
		};
/* End XCConfigurationList section */
	};
	rootObject = 3551FC06250FEBB000D6EAB2 /* Project object */;
}
